// !$*UTF8*$!
{
	archiveVersion = 1;
	classes = {
	};
	objectVersion = 48;
	objects = {

/* Begin PBXBuildFile section */
		972FE92720619AF800AF243D /* AppDelegate.swift in Sources */ = {isa = PBXBuildFile; fileRef = 972FE92620619AF800AF243D /* AppDelegate.swift */; };
		972FE92920619AF800AF243D /* GameScene.sks in Resources */ = {isa = PBXBuildFile; fileRef = 972FE92820619AF800AF243D /* GameScene.sks */; };
		972FE92B20619AF800AF243D /* Actions.sks in Resources */ = {isa = PBXBuildFile; fileRef = 972FE92A20619AF800AF243D /* Actions.sks */; };
		972FE92D20619AF800AF243D /* GameScene.swift in Sources */ = {isa = PBXBuildFile; fileRef = 972FE92C20619AF800AF243D /* GameScene.swift */; };
		972FE92F20619AF800AF243D /* GameViewController.swift in Sources */ = {isa = PBXBuildFile; fileRef = 972FE92E20619AF800AF243D /* GameViewController.swift */; };
		972FE93220619AF800AF243D /* Main.storyboard in Resources */ = {isa = PBXBuildFile; fileRef = 972FE93020619AF800AF243D /* Main.storyboard */; };
		972FE93420619AF800AF243D /* Assets.xcassets in Resources */ = {isa = PBXBuildFile; fileRef = 972FE93320619AF800AF243D /* Assets.xcassets */; };
		972FE93720619AF800AF243D /* LaunchScreen.storyboard in Resources */ = {isa = PBXBuildFile; fileRef = 972FE93520619AF800AF243D /* LaunchScreen.storyboard */; };
		972FE94220619AF800AF243D /* rsa_testerTests.swift in Sources */ = {isa = PBXBuildFile; fileRef = 972FE94120619AF800AF243D /* rsa_testerTests.swift */; };
		972FE94D20619AF800AF243D /* rsa_testerUITests.swift in Sources */ = {isa = PBXBuildFile; fileRef = 972FE94C20619AF800AF243D /* rsa_testerUITests.swift */; };
		972FE95B20619B4100AF243D /* MathematicsScene.swift in Sources */ = {isa = PBXBuildFile; fileRef = 972FE95A20619B4100AF243D /* MathematicsScene.swift */; };
		972FE95D20619B7000AF243D /* KeySprite.swift in Sources */ = {isa = PBXBuildFile; fileRef = 972FE95C20619B7000AF243D /* KeySprite.swift */; };
		972FE95F20619B9500AF243D /* Message3DNode.swift in Sources */ = {isa = PBXBuildFile; fileRef = 972FE95E20619B9500AF243D /* Message3DNode.swift */; };
		972FE96120619BA800AF243D /* Message3DScene.swift in Sources */ = {isa = PBXBuildFile; fileRef = 972FE96020619BA800AF243D /* Message3DScene.swift */; };
		972FE96320619BBE00AF243D /* PhysicsCategory.swift in Sources */ = {isa = PBXBuildFile; fileRef = 972FE96220619BBE00AF243D /* PhysicsCategory.swift */; };
		972FE96D20619E2B00AF243D /* key@2x.png in Resources */ = {isa = PBXBuildFile; fileRef = 972FE96A20619E2B00AF243D /* key@2x.png */; };
		972FE96E20619E2B00AF243D /* key@3x.png in Resources */ = {isa = PBXBuildFile; fileRef = 972FE96B20619E2B00AF243D /* key@3x.png */; };
		972FE96F20619E2B00AF243D /* key.png in Resources */ = {isa = PBXBuildFile; fileRef = 972FE96C20619E2B00AF243D /* key.png */; };
		972FE971206444A300AF243D /* InteractiveScene.swift in Sources */ = {isa = PBXBuildFile; fileRef = 972FE970206444A300AF243D /* InteractiveScene.swift */; };
		972FE9732064459100AF243D /* RSAScene.swift in Sources */ = {isa = PBXBuildFile; fileRef = 972FE9722064459100AF243D /* RSAScene.swift */; };
		972FE97720645D7B00AF243D /* KeyOwner.swift in Sources */ = {isa = PBXBuildFile; fileRef = 972FE97620645D7B00AF243D /* KeyOwner.swift */; };
		972FE97920651A2600AF243D /* CharacterSprite.swift in Sources */ = {isa = PBXBuildFile; fileRef = 972FE97820651A2600AF243D /* CharacterSprite.swift */; };
		973B536A2066C325001366A0 /* KeyType.swift in Sources */ = {isa = PBXBuildFile; fileRef = 973B53692066C325001366A0 /* KeyType.swift */; };
		9748EFDF206E5E2F00FB3780 /* KeyState.swift in Sources */ = {isa = PBXBuildFile; fileRef = 9748EFDE206E5E2F00FB3780 /* KeyState.swift */; };
		9748EFE1206E61BB00FB3780 /* KeyDragState.swift in Sources */ = {isa = PBXBuildFile; fileRef = 9748EFE0206E61BB00FB3780 /* KeyDragState.swift */; };
		9748EFE3206E61DC00FB3780 /* KeyWaitState.swift in Sources */ = {isa = PBXBuildFile; fileRef = 9748EFE2206E61DC00FB3780 /* KeyWaitState.swift */; };
		9748EFE5206E61F900FB3780 /* KeyInactiveState.swift in Sources */ = {isa = PBXBuildFile; fileRef = 9748EFE4206E61F900FB3780 /* KeyInactiveState.swift */; };
		976328882062884D000C9EAC /* RSAEncryptor.swift in Sources */ = {isa = PBXBuildFile; fileRef = 976328872062884D000C9EAC /* RSAEncryptor.swift */; };
		978203412070FC2D00272D1F /* MathematicsView.swift in Sources */ = {isa = PBXBuildFile; fileRef = 978203402070FC2D00272D1F /* MathematicsView.swift */; };
		978DA806206BF2AA0071A162 /* popup.caf in Resources */ = {isa = PBXBuildFile; fileRef = 978DA805206BF2AA0071A162 /* popup.caf */; };
		978DA808206C42AA0071A162 /* CageSprite.swift in Sources */ = {isa = PBXBuildFile; fileRef = 978DA807206C42AA0071A162 /* CageSprite.swift */; };
		9795F50F206BFAA100E39E93 /* cage.png in Resources */ = {isa = PBXBuildFile; fileRef = 9795F50E206BFAA100E39E93 /* cage.png */; };
		9795F511206C09A900E39E93 /* circle.png in Resources */ = {isa = PBXBuildFile; fileRef = 9795F510206C09A800E39E93 /* circle.png */; };
		97A89A9F2068232E00DF4B59 /* hellolady2.caf in Resources */ = {isa = PBXBuildFile; fileRef = 97A89A9C2068232D00DF4B59 /* hellolady2.caf */; };
		97A89AA02068232E00DF4B59 /* helloman.caf in Resources */ = {isa = PBXBuildFile; fileRef = 97A89A9D2068232D00DF4B59 /* helloman.caf */; };
		97A89AA12068232E00DF4B59 /* hellolady1.caf in Resources */ = {isa = PBXBuildFile; fileRef = 97A89A9E2068232E00DF4B59 /* hellolady1.caf */; };
		97A89AA62068260C00DF4B59 /* pickup.caf in Resources */ = {isa = PBXBuildFile; fileRef = 97A89AA42068260C00DF4B59 /* pickup.caf */; };
		97A89AA72068260C00DF4B59 /* drop.caf in Resources */ = {isa = PBXBuildFile; fileRef = 97A89AA52068260C00DF4B59 /* drop.caf */; };
		97A89AAA2068272900DF4B59 /* decrypt.caf in Resources */ = {isa = PBXBuildFile; fileRef = 97A89AA82068272800DF4B59 /* decrypt.caf */; };
		97A89AAB2068272900DF4B59 /* encrypt.caf in Resources */ = {isa = PBXBuildFile; fileRef = 97A89AA92068272800DF4B59 /* encrypt.caf */; };
		97A89AAD206828F400DF4B59 /* fail.caf in Resources */ = {isa = PBXBuildFile; fileRef = 97A89AAC206828F400DF4B59 /* fail.caf */; };
		97A89AAF2068EDD900DF4B59 /* ChainSprite.swift in Sources */ = {isa = PBXBuildFile; fileRef = 97A89AAE2068EDD900DF4B59 /* ChainSprite.swift */; };
		97C11FFF2070E28D005CB3A0 /* click.caf in Resources */ = {isa = PBXBuildFile; fileRef = 97C11FFE2070E28D005CB3A0 /* click.caf */; };
		97C120032070E4B4005CB3A0 /* pickup-wood.caf in Resources */ = {isa = PBXBuildFile; fileRef = 97C120002070E4B3005CB3A0 /* pickup-wood.caf */; };
		97C120042070E4B4005CB3A0 /* fail-drop.caf in Resources */ = {isa = PBXBuildFile; fileRef = 97C120012070E4B3005CB3A0 /* fail-drop.caf */; };
		97C120052070E4B4005CB3A0 /* success-drop.caf in Resources */ = {isa = PBXBuildFile; fileRef = 97C120022070E4B3005CB3A0 /* success-drop.caf */; };
		97C120092070EA0D005CB3A0 /* Sparks.sks in Resources */ = {isa = PBXBuildFile; fileRef = 97C120082070EA0D005CB3A0 /* Sparks.sks */; };
		97C1200B2070F33E005CB3A0 /* fireworks.caf in Resources */ = {isa = PBXBuildFile; fileRef = 97C1200A2070F33E005CB3A0 /* fireworks.caf */; };
		97C1200D2070F7D3005CB3A0 /* MyView.swift in Sources */ = {isa = PBXBuildFile; fileRef = 97C1200C2070F7D3005CB3A0 /* MyView.swift */; };
		97F5C367206E88810091E7BA /* SceneState.swift in Sources */ = {isa = PBXBuildFile; fileRef = 97F5C366206E88810091E7BA /* SceneState.swift */; };
		97F5C369206E889A0091E7BA /* SceneWaitState.swift in Sources */ = {isa = PBXBuildFile; fileRef = 97F5C368206E889A0091E7BA /* SceneWaitState.swift */; };
		97F5C36B206E88A60091E7BA /* SceneAnimatingState.swift in Sources */ = {isa = PBXBuildFile; fileRef = 97F5C36A206E88A60091E7BA /* SceneAnimatingState.swift */; };
		97F5C36F206EB6800091E7BA /* CharacterState.swift in Sources */ = {isa = PBXBuildFile; fileRef = 97F5C36E206EB6800091E7BA /* CharacterState.swift */; };
		97F5C371206EB8020091E7BA /* CharacterWaitingState.swift in Sources */ = {isa = PBXBuildFile; fileRef = 97F5C370206EB8020091E7BA /* CharacterWaitingState.swift */; };
		97F5C373206EB9280091E7BA /* CharacterInRangeState.swift in Sources */ = {isa = PBXBuildFile; fileRef = 97F5C372206EB9280091E7BA /* CharacterInRangeState.swift */; };
		97F5C375206EB9C40091E7BA /* CharacterSuccessState.swift in Sources */ = {isa = PBXBuildFile; fileRef = 97F5C374206EB9C40091E7BA /* CharacterSuccessState.swift */; };
		97F5C377206EBA040091E7BA /* CharacterFailState.swift in Sources */ = {isa = PBXBuildFile; fileRef = 97F5C376206EBA040091E7BA /* CharacterFailState.swift */; };
		97F5C37A206EF5070091E7BA /* CharacterWaitingInactiveState.swift in Sources */ = {isa = PBXBuildFile; fileRef = 97F5C379206EF5070091E7BA /* CharacterWaitingInactiveState.swift */; };
		97F5C37C206F98270091E7BA /* MessageState.swift in Sources */ = {isa = PBXBuildFile; fileRef = 97F5C37B206F98270091E7BA /* MessageState.swift */; };
		97F5C37E206F9BC40091E7BA /* MessageWaitingState.swift in Sources */ = {isa = PBXBuildFile; fileRef = 97F5C37D206F9BC40091E7BA /* MessageWaitingState.swift */; };
		97F5C380206F9BCE0091E7BA /* MessageRotatingState.swift in Sources */ = {isa = PBXBuildFile; fileRef = 97F5C37F206F9BCE0091E7BA /* MessageRotatingState.swift */; };
		97F5C382206F9BE00091E7BA /* MessageDraggingState.swift in Sources */ = {isa = PBXBuildFile; fileRef = 97F5C381206F9BE00091E7BA /* MessageDraggingState.swift */; };
		97F5C385206FA5710091E7BA /* PaperState.swift in Sources */ = {isa = PBXBuildFile; fileRef = 97F5C384206FA5710091E7BA /* PaperState.swift */; };
		97F5C387206FA63E0091E7BA /* PaperNormalState.swift in Sources */ = {isa = PBXBuildFile; fileRef = 97F5C386206FA63E0091E7BA /* PaperNormalState.swift */; };
		97F5C389206FA6450091E7BA /* PaperErrorState.swift in Sources */ = {isa = PBXBuildFile; fileRef = 97F5C388206FA6450091E7BA /* PaperErrorState.swift */; };
		97F5C38B206FA64E0091E7BA /* PaperEncryptedState.swift in Sources */ = {isa = PBXBuildFile; fileRef = 97F5C38A206FA64E0091E7BA /* PaperEncryptedState.swift */; };
/* End PBXBuildFile section */

/* Begin PBXContainerItemProxy section */
		972FE93E20619AF800AF243D /* PBXContainerItemProxy */ = {
			isa = PBXContainerItemProxy;
			containerPortal = 972FE91B20619AF800AF243D /* Project object */;
			proxyType = 1;
			remoteGlobalIDString = 972FE92220619AF800AF243D;
			remoteInfo = "rsa-tester";
		};
		972FE94920619AF800AF243D /* PBXContainerItemProxy */ = {
			isa = PBXContainerItemProxy;
			containerPortal = 972FE91B20619AF800AF243D /* Project object */;
			proxyType = 1;
			remoteGlobalIDString = 972FE92220619AF800AF243D;
			remoteInfo = "rsa-tester";
		};
/* End PBXContainerItemProxy section */

/* Begin PBXFileReference section */
		972FE92320619AF800AF243D /* rsa-tester.app */ = {isa = PBXFileReference; explicitFileType = wrapper.application; includeInIndex = 0; path = "rsa-tester.app"; sourceTree = BUILT_PRODUCTS_DIR; };
		972FE92620619AF800AF243D /* AppDelegate.swift */ = {isa = PBXFileReference; lastKnownFileType = sourcecode.swift; path = AppDelegate.swift; sourceTree = "<group>"; };
		972FE92820619AF800AF243D /* GameScene.sks */ = {isa = PBXFileReference; lastKnownFileType = file.sks; path = GameScene.sks; sourceTree = "<group>"; };
		972FE92A20619AF800AF243D /* Actions.sks */ = {isa = PBXFileReference; lastKnownFileType = file.sks; path = Actions.sks; sourceTree = "<group>"; };
		972FE92C20619AF800AF243D /* GameScene.swift */ = {isa = PBXFileReference; lastKnownFileType = sourcecode.swift; path = GameScene.swift; sourceTree = "<group>"; };
		972FE92E20619AF800AF243D /* GameViewController.swift */ = {isa = PBXFileReference; lastKnownFileType = sourcecode.swift; path = GameViewController.swift; sourceTree = "<group>"; };
		972FE93120619AF800AF243D /* Base */ = {isa = PBXFileReference; lastKnownFileType = file.storyboard; name = Base; path = Base.lproj/Main.storyboard; sourceTree = "<group>"; };
		972FE93320619AF800AF243D /* Assets.xcassets */ = {isa = PBXFileReference; lastKnownFileType = folder.assetcatalog; path = Assets.xcassets; sourceTree = "<group>"; };
		972FE93620619AF800AF243D /* Base */ = {isa = PBXFileReference; lastKnownFileType = file.storyboard; name = Base; path = Base.lproj/LaunchScreen.storyboard; sourceTree = "<group>"; };
		972FE93820619AF800AF243D /* Info.plist */ = {isa = PBXFileReference; lastKnownFileType = text.plist.xml; path = Info.plist; sourceTree = "<group>"; };
		972FE93D20619AF800AF243D /* rsa-testerTests.xctest */ = {isa = PBXFileReference; explicitFileType = wrapper.cfbundle; includeInIndex = 0; path = "rsa-testerTests.xctest"; sourceTree = BUILT_PRODUCTS_DIR; };
		972FE94120619AF800AF243D /* rsa_testerTests.swift */ = {isa = PBXFileReference; lastKnownFileType = sourcecode.swift; path = rsa_testerTests.swift; sourceTree = "<group>"; };
		972FE94320619AF800AF243D /* Info.plist */ = {isa = PBXFileReference; lastKnownFileType = text.plist.xml; path = Info.plist; sourceTree = "<group>"; };
		972FE94820619AF800AF243D /* rsa-testerUITests.xctest */ = {isa = PBXFileReference; explicitFileType = wrapper.cfbundle; includeInIndex = 0; path = "rsa-testerUITests.xctest"; sourceTree = BUILT_PRODUCTS_DIR; };
		972FE94C20619AF800AF243D /* rsa_testerUITests.swift */ = {isa = PBXFileReference; lastKnownFileType = sourcecode.swift; path = rsa_testerUITests.swift; sourceTree = "<group>"; };
		972FE94E20619AF800AF243D /* Info.plist */ = {isa = PBXFileReference; lastKnownFileType = text.plist.xml; path = Info.plist; sourceTree = "<group>"; };
		972FE95A20619B4100AF243D /* MathematicsScene.swift */ = {isa = PBXFileReference; lastKnownFileType = sourcecode.swift; path = MathematicsScene.swift; sourceTree = "<group>"; };
		972FE95C20619B7000AF243D /* KeySprite.swift */ = {isa = PBXFileReference; lastKnownFileType = sourcecode.swift; path = KeySprite.swift; sourceTree = "<group>"; };
		972FE95E20619B9500AF243D /* Message3DNode.swift */ = {isa = PBXFileReference; lastKnownFileType = sourcecode.swift; path = Message3DNode.swift; sourceTree = "<group>"; };
		972FE96020619BA800AF243D /* Message3DScene.swift */ = {isa = PBXFileReference; lastKnownFileType = sourcecode.swift; path = Message3DScene.swift; sourceTree = "<group>"; };
		972FE96220619BBE00AF243D /* PhysicsCategory.swift */ = {isa = PBXFileReference; lastKnownFileType = sourcecode.swift; path = PhysicsCategory.swift; sourceTree = "<group>"; };
		972FE96A20619E2B00AF243D /* key@2x.png */ = {isa = PBXFileReference; lastKnownFileType = image.png; path = "key@2x.png"; sourceTree = "<group>"; };
		972FE96B20619E2B00AF243D /* key@3x.png */ = {isa = PBXFileReference; lastKnownFileType = image.png; path = "key@3x.png"; sourceTree = "<group>"; };
		972FE96C20619E2B00AF243D /* key.png */ = {isa = PBXFileReference; lastKnownFileType = image.png; path = key.png; sourceTree = "<group>"; };
		972FE970206444A300AF243D /* InteractiveScene.swift */ = {isa = PBXFileReference; lastKnownFileType = sourcecode.swift; path = InteractiveScene.swift; sourceTree = "<group>"; };
		972FE9722064459100AF243D /* RSAScene.swift */ = {isa = PBXFileReference; lastKnownFileType = sourcecode.swift; path = RSAScene.swift; sourceTree = "<group>"; };
		972FE97620645D7B00AF243D /* KeyOwner.swift */ = {isa = PBXFileReference; lastKnownFileType = sourcecode.swift; path = KeyOwner.swift; sourceTree = "<group>"; };
		972FE97820651A2600AF243D /* CharacterSprite.swift */ = {isa = PBXFileReference; lastKnownFileType = sourcecode.swift; path = CharacterSprite.swift; sourceTree = "<group>"; };
		973B53692066C325001366A0 /* KeyType.swift */ = {isa = PBXFileReference; lastKnownFileType = sourcecode.swift; path = KeyType.swift; sourceTree = "<group>"; };
		9748EFDE206E5E2F00FB3780 /* KeyState.swift */ = {isa = PBXFileReference; lastKnownFileType = sourcecode.swift; path = KeyState.swift; sourceTree = "<group>"; };
		9748EFE0206E61BB00FB3780 /* KeyDragState.swift */ = {isa = PBXFileReference; lastKnownFileType = sourcecode.swift; path = KeyDragState.swift; sourceTree = "<group>"; };
		9748EFE2206E61DC00FB3780 /* KeyWaitState.swift */ = {isa = PBXFileReference; lastKnownFileType = sourcecode.swift; path = KeyWaitState.swift; sourceTree = "<group>"; };
		9748EFE4206E61F900FB3780 /* KeyInactiveState.swift */ = {isa = PBXFileReference; lastKnownFileType = sourcecode.swift; path = KeyInactiveState.swift; sourceTree = "<group>"; };
		976328872062884D000C9EAC /* RSAEncryptor.swift */ = {isa = PBXFileReference; lastKnownFileType = sourcecode.swift; path = RSAEncryptor.swift; sourceTree = "<group>"; };
		978203402070FC2D00272D1F /* MathematicsView.swift */ = {isa = PBXFileReference; fileEncoding = 4; lastKnownFileType = sourcecode.swift; name = MathematicsView.swift; path = ../../RSA.playground/Sources/MathematicsView.swift; sourceTree = "<group>"; };
		978DA805206BF2AA0071A162 /* popup.caf */ = {isa = PBXFileReference; lastKnownFileType = file; path = popup.caf; sourceTree = "<group>"; };
		978DA807206C42AA0071A162 /* CageSprite.swift */ = {isa = PBXFileReference; lastKnownFileType = sourcecode.swift; path = CageSprite.swift; sourceTree = "<group>"; };
		9795F50E206BFAA100E39E93 /* cage.png */ = {isa = PBXFileReference; lastKnownFileType = image.png; path = cage.png; sourceTree = "<group>"; };
		9795F510206C09A800E39E93 /* circle.png */ = {isa = PBXFileReference; lastKnownFileType = image.png; path = circle.png; sourceTree = "<group>"; };
		97A89A9C2068232D00DF4B59 /* hellolady2.caf */ = {isa = PBXFileReference; lastKnownFileType = file; path = hellolady2.caf; sourceTree = "<group>"; };
		97A89A9D2068232D00DF4B59 /* helloman.caf */ = {isa = PBXFileReference; lastKnownFileType = file; path = helloman.caf; sourceTree = "<group>"; };
		97A89A9E2068232E00DF4B59 /* hellolady1.caf */ = {isa = PBXFileReference; lastKnownFileType = file; path = hellolady1.caf; sourceTree = "<group>"; };
		97A89AA42068260C00DF4B59 /* pickup.caf */ = {isa = PBXFileReference; lastKnownFileType = file; path = pickup.caf; sourceTree = "<group>"; };
		97A89AA52068260C00DF4B59 /* drop.caf */ = {isa = PBXFileReference; lastKnownFileType = file; path = drop.caf; sourceTree = "<group>"; };
		97A89AA82068272800DF4B59 /* decrypt.caf */ = {isa = PBXFileReference; lastKnownFileType = file; path = decrypt.caf; sourceTree = "<group>"; };
		97A89AA92068272800DF4B59 /* encrypt.caf */ = {isa = PBXFileReference; lastKnownFileType = file; path = encrypt.caf; sourceTree = "<group>"; };
		97A89AAC206828F400DF4B59 /* fail.caf */ = {isa = PBXFileReference; lastKnownFileType = file; path = fail.caf; sourceTree = "<group>"; };
		97A89AAE2068EDD900DF4B59 /* ChainSprite.swift */ = {isa = PBXFileReference; lastKnownFileType = sourcecode.swift; path = ChainSprite.swift; sourceTree = "<group>"; };
		97C11FFE2070E28D005CB3A0 /* click.caf */ = {isa = PBXFileReference; lastKnownFileType = file; path = click.caf; sourceTree = "<group>"; };
		97C120002070E4B3005CB3A0 /* pickup-wood.caf */ = {isa = PBXFileReference; lastKnownFileType = file; path = "pickup-wood.caf"; sourceTree = "<group>"; };
		97C120012070E4B3005CB3A0 /* fail-drop.caf */ = {isa = PBXFileReference; lastKnownFileType = file; path = "fail-drop.caf"; sourceTree = "<group>"; };
		97C120022070E4B3005CB3A0 /* success-drop.caf */ = {isa = PBXFileReference; lastKnownFileType = file; path = "success-drop.caf"; sourceTree = "<group>"; };
		97C120082070EA0D005CB3A0 /* Sparks.sks */ = {isa = PBXFileReference; lastKnownFileType = file.sks; path = Sparks.sks; sourceTree = "<group>"; };
		97C1200A2070F33E005CB3A0 /* fireworks.caf */ = {isa = PBXFileReference; lastKnownFileType = file; path = fireworks.caf; sourceTree = "<group>"; };
		97C1200C2070F7D3005CB3A0 /* MyView.swift */ = {isa = PBXFileReference; lastKnownFileType = sourcecode.swift; path = MyView.swift; sourceTree = "<group>"; };
		97F5C366206E88810091E7BA /* SceneState.swift */ = {isa = PBXFileReference; lastKnownFileType = sourcecode.swift; path = SceneState.swift; sourceTree = "<group>"; };
		97F5C368206E889A0091E7BA /* SceneWaitState.swift */ = {isa = PBXFileReference; lastKnownFileType = sourcecode.swift; path = SceneWaitState.swift; sourceTree = "<group>"; };
		97F5C36A206E88A60091E7BA /* SceneAnimatingState.swift */ = {isa = PBXFileReference; lastKnownFileType = sourcecode.swift; path = SceneAnimatingState.swift; sourceTree = "<group>"; };
		97F5C36E206EB6800091E7BA /* CharacterState.swift */ = {isa = PBXFileReference; lastKnownFileType = sourcecode.swift; path = CharacterState.swift; sourceTree = "<group>"; };
		97F5C370206EB8020091E7BA /* CharacterWaitingState.swift */ = {isa = PBXFileReference; lastKnownFileType = sourcecode.swift; path = CharacterWaitingState.swift; sourceTree = "<group>"; };
		97F5C372206EB9280091E7BA /* CharacterInRangeState.swift */ = {isa = PBXFileReference; lastKnownFileType = sourcecode.swift; path = CharacterInRangeState.swift; sourceTree = "<group>"; };
		97F5C374206EB9C40091E7BA /* CharacterSuccessState.swift */ = {isa = PBXFileReference; lastKnownFileType = sourcecode.swift; path = CharacterSuccessState.swift; sourceTree = "<group>"; };
		97F5C376206EBA040091E7BA /* CharacterFailState.swift */ = {isa = PBXFileReference; lastKnownFileType = sourcecode.swift; path = CharacterFailState.swift; sourceTree = "<group>"; };
		97F5C379206EF5070091E7BA /* CharacterWaitingInactiveState.swift */ = {isa = PBXFileReference; lastKnownFileType = sourcecode.swift; path = CharacterWaitingInactiveState.swift; sourceTree = "<group>"; };
		97F5C37B206F98270091E7BA /* MessageState.swift */ = {isa = PBXFileReference; lastKnownFileType = sourcecode.swift; path = MessageState.swift; sourceTree = "<group>"; };
		97F5C37D206F9BC40091E7BA /* MessageWaitingState.swift */ = {isa = PBXFileReference; lastKnownFileType = sourcecode.swift; path = MessageWaitingState.swift; sourceTree = "<group>"; };
		97F5C37F206F9BCE0091E7BA /* MessageRotatingState.swift */ = {isa = PBXFileReference; lastKnownFileType = sourcecode.swift; path = MessageRotatingState.swift; sourceTree = "<group>"; };
		97F5C381206F9BE00091E7BA /* MessageDraggingState.swift */ = {isa = PBXFileReference; lastKnownFileType = sourcecode.swift; path = MessageDraggingState.swift; sourceTree = "<group>"; };
		97F5C384206FA5710091E7BA /* PaperState.swift */ = {isa = PBXFileReference; lastKnownFileType = sourcecode.swift; path = PaperState.swift; sourceTree = "<group>"; };
		97F5C386206FA63E0091E7BA /* PaperNormalState.swift */ = {isa = PBXFileReference; lastKnownFileType = sourcecode.swift; path = PaperNormalState.swift; sourceTree = "<group>"; };
		97F5C388206FA6450091E7BA /* PaperErrorState.swift */ = {isa = PBXFileReference; lastKnownFileType = sourcecode.swift; path = PaperErrorState.swift; sourceTree = "<group>"; };
		97F5C38A206FA64E0091E7BA /* PaperEncryptedState.swift */ = {isa = PBXFileReference; lastKnownFileType = sourcecode.swift; path = PaperEncryptedState.swift; sourceTree = "<group>"; };
/* End PBXFileReference section */

/* Begin PBXFrameworksBuildPhase section */
		972FE92020619AF800AF243D /* Frameworks */ = {
			isa = PBXFrameworksBuildPhase;
			buildActionMask = 2147483647;
			files = (
			);
			runOnlyForDeploymentPostprocessing = 0;
		};
		972FE93A20619AF800AF243D /* Frameworks */ = {
			isa = PBXFrameworksBuildPhase;
			buildActionMask = 2147483647;
			files = (
			);
			runOnlyForDeploymentPostprocessing = 0;
		};
		972FE94520619AF800AF243D /* Frameworks */ = {
			isa = PBXFrameworksBuildPhase;
			buildActionMask = 2147483647;
			files = (
			);
			runOnlyForDeploymentPostprocessing = 0;
		};
/* End PBXFrameworksBuildPhase section */

/* Begin PBXGroup section */
		972FE91A20619AF800AF243D = {
			isa = PBXGroup;
			children = (
				972FE92520619AF800AF243D /* rsa-tester */,
				972FE94020619AF800AF243D /* rsa-testerTests */,
				972FE94B20619AF800AF243D /* rsa-testerUITests */,
				972FE92420619AF800AF243D /* Products */,
			);
			sourceTree = "<group>";
		};
		972FE92420619AF800AF243D /* Products */ = {
			isa = PBXGroup;
			children = (
				972FE92320619AF800AF243D /* rsa-tester.app */,
				972FE93D20619AF800AF243D /* rsa-testerTests.xctest */,
				972FE94820619AF800AF243D /* rsa-testerUITests.xctest */,
			);
			name = Products;
			sourceTree = "<group>";
		};
		972FE92520619AF800AF243D /* rsa-tester */ = {
			isa = PBXGroup;
			children = (
				972FE92620619AF800AF243D /* AppDelegate.swift */,
				972FE92820619AF800AF243D /* GameScene.sks */,
				972FE92A20619AF800AF243D /* Actions.sks */,
				972FE92C20619AF800AF243D /* GameScene.swift */,
				97C120082070EA0D005CB3A0 /* Sparks.sks */,
				972FE92E20619AF800AF243D /* GameViewController.swift */,
				97C1200C2070F7D3005CB3A0 /* MyView.swift */,
				972FE9722064459100AF243D /* RSAScene.swift */,
				972FE95A20619B4100AF243D /* MathematicsScene.swift */,
				972FE970206444A300AF243D /* InteractiveScene.swift */,
				972FE97820651A2600AF243D /* CharacterSprite.swift */,
				972FE95C20619B7000AF243D /* KeySprite.swift */,
				972FE97620645D7B00AF243D /* KeyOwner.swift */,
				978203402070FC2D00272D1F /* MathematicsView.swift */,
				973B53692066C325001366A0 /* KeyType.swift */,
				972FE95E20619B9500AF243D /* Message3DNode.swift */,
				972FE96020619BA800AF243D /* Message3DScene.swift */,
				972FE96220619BBE00AF243D /* PhysicsCategory.swift */,
				97A89AAE2068EDD900DF4B59 /* ChainSprite.swift */,
				978DA807206C42AA0071A162 /* CageSprite.swift */,
				976328872062884D000C9EAC /* RSAEncryptor.swift */,
				97F5C38C206FA6550091E7BA /* PaperState */,
				97F5C383206F9BEC0091E7BA /* MessageState */,
				97F5C378206EBA4E0091E7BA /* CharacterState */,
				97F5C36C206E88AE0091E7BA /* KeyState */,
				97F5C36D206E88BA0091E7BA /* SceneState */,
				972FE96C20619E2B00AF243D /* key.png */,
				972FE96A20619E2B00AF243D /* key@2x.png */,
				972FE96B20619E2B00AF243D /* key@3x.png */,
				9795F510206C09A800E39E93 /* circle.png */,
				9795F50E206BFAA100E39E93 /* cage.png */,
				97C1200A2070F33E005CB3A0 /* fireworks.caf */,
				97C120012070E4B3005CB3A0 /* fail-drop.caf */,
				97C120002070E4B3005CB3A0 /* pickup-wood.caf */,
				97C120022070E4B3005CB3A0 /* success-drop.caf */,
				97C11FFE2070E28D005CB3A0 /* click.caf */,
				978DA805206BF2AA0071A162 /* popup.caf */,
				97A89A9E2068232E00DF4B59 /* hellolady1.caf */,
				97A89A9C2068232D00DF4B59 /* hellolady2.caf */,
				97A89A9D2068232D00DF4B59 /* helloman.caf */,
				97A89AA52068260C00DF4B59 /* drop.caf */,
				97A89AA42068260C00DF4B59 /* pickup.caf */,
				97A89AA82068272800DF4B59 /* decrypt.caf */,
				97A89AA92068272800DF4B59 /* encrypt.caf */,
				97A89AAC206828F400DF4B59 /* fail.caf */,
				972FE93020619AF800AF243D /* Main.storyboard */,
				972FE93320619AF800AF243D /* Assets.xcassets */,
				972FE93520619AF800AF243D /* LaunchScreen.storyboard */,
				972FE93820619AF800AF243D /* Info.plist */,
			);
			path = "rsa-tester";
			sourceTree = "<group>";
		};
		972FE94020619AF800AF243D /* rsa-testerTests */ = {
			isa = PBXGroup;
			children = (
				972FE94120619AF800AF243D /* rsa_testerTests.swift */,
				972FE94320619AF800AF243D /* Info.plist */,
			);
			path = "rsa-testerTests";
			sourceTree = "<group>";
		};
		972FE94B20619AF800AF243D /* rsa-testerUITests */ = {
			isa = PBXGroup;
			children = (
				972FE94C20619AF800AF243D /* rsa_testerUITests.swift */,
				972FE94E20619AF800AF243D /* Info.plist */,
			);
			path = "rsa-testerUITests";
			sourceTree = "<group>";
		};
		97F5C36C206E88AE0091E7BA /* KeyState */ = {
			isa = PBXGroup;
			children = (
				9748EFDE206E5E2F00FB3780 /* KeyState.swift */,
				9748EFE0206E61BB00FB3780 /* KeyDragState.swift */,
				9748EFE2206E61DC00FB3780 /* KeyWaitState.swift */,
				9748EFE4206E61F900FB3780 /* KeyInactiveState.swift */,
			);
			path = KeyState;
			sourceTree = "<group>";
		};
		97F5C36D206E88BA0091E7BA /* SceneState */ = {
			isa = PBXGroup;
			children = (
				97F5C366206E88810091E7BA /* SceneState.swift */,
				97F5C368206E889A0091E7BA /* SceneWaitState.swift */,
				97F5C36A206E88A60091E7BA /* SceneAnimatingState.swift */,
			);
			path = SceneState;
			sourceTree = "<group>";
		};
		97F5C378206EBA4E0091E7BA /* CharacterState */ = {
			isa = PBXGroup;
			children = (
				97F5C36E206EB6800091E7BA /* CharacterState.swift */,
				97F5C370206EB8020091E7BA /* CharacterWaitingState.swift */,
				97F5C379206EF5070091E7BA /* CharacterWaitingInactiveState.swift */,
				97F5C372206EB9280091E7BA /* CharacterInRangeState.swift */,
				97F5C374206EB9C40091E7BA /* CharacterSuccessState.swift */,
				97F5C376206EBA040091E7BA /* CharacterFailState.swift */,
			);
			path = CharacterState;
			sourceTree = "<group>";
		};
		97F5C383206F9BEC0091E7BA /* MessageState */ = {
			isa = PBXGroup;
			children = (
				97F5C37B206F98270091E7BA /* MessageState.swift */,
				97F5C37D206F9BC40091E7BA /* MessageWaitingState.swift */,
				97F5C37F206F9BCE0091E7BA /* MessageRotatingState.swift */,
				97F5C381206F9BE00091E7BA /* MessageDraggingState.swift */,
			);
			path = MessageState;
			sourceTree = "<group>";
		};
		97F5C38C206FA6550091E7BA /* PaperState */ = {
			isa = PBXGroup;
			children = (
				97F5C384206FA5710091E7BA /* PaperState.swift */,
				97F5C386206FA63E0091E7BA /* PaperNormalState.swift */,
				97F5C388206FA6450091E7BA /* PaperErrorState.swift */,
				97F5C38A206FA64E0091E7BA /* PaperEncryptedState.swift */,
			);
			path = PaperState;
			sourceTree = "<group>";
		};
/* End PBXGroup section */

/* Begin PBXNativeTarget section */
		972FE92220619AF800AF243D /* rsa-tester */ = {
			isa = PBXNativeTarget;
			buildConfigurationList = 972FE95120619AF800AF243D /* Build configuration list for PBXNativeTarget "rsa-tester" */;
			buildPhases = (
				972FE91F20619AF800AF243D /* Sources */,
				972FE92020619AF800AF243D /* Frameworks */,
				972FE92120619AF800AF243D /* Resources */,
			);
			buildRules = (
			);
			dependencies = (
			);
			name = "rsa-tester";
			productName = "rsa-tester";
			productReference = 972FE92320619AF800AF243D /* rsa-tester.app */;
			productType = "com.apple.product-type.application";
		};
		972FE93C20619AF800AF243D /* rsa-testerTests */ = {
			isa = PBXNativeTarget;
			buildConfigurationList = 972FE95420619AF800AF243D /* Build configuration list for PBXNativeTarget "rsa-testerTests" */;
			buildPhases = (
				972FE93920619AF800AF243D /* Sources */,
				972FE93A20619AF800AF243D /* Frameworks */,
				972FE93B20619AF800AF243D /* Resources */,
			);
			buildRules = (
			);
			dependencies = (
				972FE93F20619AF800AF243D /* PBXTargetDependency */,
			);
			name = "rsa-testerTests";
			productName = "rsa-testerTests";
			productReference = 972FE93D20619AF800AF243D /* rsa-testerTests.xctest */;
			productType = "com.apple.product-type.bundle.unit-test";
		};
		972FE94720619AF800AF243D /* rsa-testerUITests */ = {
			isa = PBXNativeTarget;
			buildConfigurationList = 972FE95720619AF800AF243D /* Build configuration list for PBXNativeTarget "rsa-testerUITests" */;
			buildPhases = (
				972FE94420619AF800AF243D /* Sources */,
				972FE94520619AF800AF243D /* Frameworks */,
				972FE94620619AF800AF243D /* Resources */,
			);
			buildRules = (
			);
			dependencies = (
				972FE94A20619AF800AF243D /* PBXTargetDependency */,
			);
			name = "rsa-testerUITests";
			productName = "rsa-testerUITests";
			productReference = 972FE94820619AF800AF243D /* rsa-testerUITests.xctest */;
			productType = "com.apple.product-type.bundle.ui-testing";
		};
/* End PBXNativeTarget section */

/* Begin PBXProject section */
		972FE91B20619AF800AF243D /* Project object */ = {
			isa = PBXProject;
			attributes = {
				LastSwiftUpdateCheck = 0920;
				LastUpgradeCheck = 0920;
				ORGANIZATIONNAME = "Bradley Mackey";
				TargetAttributes = {
					972FE92220619AF800AF243D = {
						CreatedOnToolsVersion = 9.2;
						ProvisioningStyle = Automatic;
					};
					972FE93C20619AF800AF243D = {
						CreatedOnToolsVersion = 9.2;
						ProvisioningStyle = Automatic;
						TestTargetID = 972FE92220619AF800AF243D;
					};
					972FE94720619AF800AF243D = {
						CreatedOnToolsVersion = 9.2;
						ProvisioningStyle = Automatic;
						TestTargetID = 972FE92220619AF800AF243D;
					};
				};
			};
			buildConfigurationList = 972FE91E20619AF800AF243D /* Build configuration list for PBXProject "rsa-tester" */;
			compatibilityVersion = "Xcode 8.0";
			developmentRegion = en;
			hasScannedForEncodings = 0;
			knownRegions = (
				en,
				Base,
			);
			mainGroup = 972FE91A20619AF800AF243D;
			productRefGroup = 972FE92420619AF800AF243D /* Products */;
			projectDirPath = "";
			projectRoot = "";
			targets = (
				972FE92220619AF800AF243D /* rsa-tester */,
				972FE93C20619AF800AF243D /* rsa-testerTests */,
				972FE94720619AF800AF243D /* rsa-testerUITests */,
			);
		};
/* End PBXProject section */

/* Begin PBXResourcesBuildPhase section */
		972FE92120619AF800AF243D /* Resources */ = {
			isa = PBXResourcesBuildPhase;
			buildActionMask = 2147483647;
			files = (
				972FE96D20619E2B00AF243D /* key@2x.png in Resources */,
				97A89AA12068232E00DF4B59 /* hellolady1.caf in Resources */,
				972FE93220619AF800AF243D /* Main.storyboard in Resources */,
				97A89A9F2068232E00DF4B59 /* hellolady2.caf in Resources */,
				978DA806206BF2AA0071A162 /* popup.caf in Resources */,
				97C1200B2070F33E005CB3A0 /* fireworks.caf in Resources */,
				97A89AAB2068272900DF4B59 /* encrypt.caf in Resources */,
				9795F511206C09A900E39E93 /* circle.png in Resources */,
				972FE92920619AF800AF243D /* GameScene.sks in Resources */,
				972FE96F20619E2B00AF243D /* key.png in Resources */,
				972FE96E20619E2B00AF243D /* key@3x.png in Resources */,
				97C120052070E4B4005CB3A0 /* success-drop.caf in Resources */,
				97A89AA02068232E00DF4B59 /* helloman.caf in Resources */,
				97C120092070EA0D005CB3A0 /* Sparks.sks in Resources */,
				972FE93420619AF800AF243D /* Assets.xcassets in Resources */,
				97C120032070E4B4005CB3A0 /* pickup-wood.caf in Resources */,
				9795F50F206BFAA100E39E93 /* cage.png in Resources */,
				972FE93720619AF800AF243D /* LaunchScreen.storyboard in Resources */,
				97C120042070E4B4005CB3A0 /* fail-drop.caf in Resources */,
				97A89AAA2068272900DF4B59 /* decrypt.caf in Resources */,
				97A89AAD206828F400DF4B59 /* fail.caf in Resources */,
				97A89AA62068260C00DF4B59 /* pickup.caf in Resources */,
				97A89AA72068260C00DF4B59 /* drop.caf in Resources */,
				972FE92B20619AF800AF243D /* Actions.sks in Resources */,
				97C11FFF2070E28D005CB3A0 /* click.caf in Resources */,
			);
			runOnlyForDeploymentPostprocessing = 0;
		};
		972FE93B20619AF800AF243D /* Resources */ = {
			isa = PBXResourcesBuildPhase;
			buildActionMask = 2147483647;
			files = (
			);
			runOnlyForDeploymentPostprocessing = 0;
		};
		972FE94620619AF800AF243D /* Resources */ = {
			isa = PBXResourcesBuildPhase;
			buildActionMask = 2147483647;
			files = (
			);
			runOnlyForDeploymentPostprocessing = 0;
		};
/* End PBXResourcesBuildPhase section */

/* Begin PBXSourcesBuildPhase section */
		972FE91F20619AF800AF243D /* Sources */ = {
			isa = PBXSourcesBuildPhase;
			buildActionMask = 2147483647;
			files = (
				972FE97720645D7B00AF243D /* KeyOwner.swift in Sources */,
				972FE95D20619B7000AF243D /* KeySprite.swift in Sources */,
				972FE96320619BBE00AF243D /* PhysicsCategory.swift in Sources */,
				97F5C380206F9BCE0091E7BA /* MessageRotatingState.swift in Sources */,
				97F5C382206F9BE00091E7BA /* MessageDraggingState.swift in Sources */,
				97F5C369206E889A0091E7BA /* SceneWaitState.swift in Sources */,
				97F5C387206FA63E0091E7BA /* PaperNormalState.swift in Sources */,
				972FE9732064459100AF243D /* RSAScene.swift in Sources */,
				97C1200D2070F7D3005CB3A0 /* MyView.swift in Sources */,
				9748EFE3206E61DC00FB3780 /* KeyWaitState.swift in Sources */,
				97F5C377206EBA040091E7BA /* CharacterFailState.swift in Sources */,
				97F5C373206EB9280091E7BA /* CharacterInRangeState.swift in Sources */,
				97F5C37A206EF5070091E7BA /* CharacterWaitingInactiveState.swift in Sources */,
				972FE96120619BA800AF243D /* Message3DScene.swift in Sources */,
				972FE92D20619AF800AF243D /* GameScene.swift in Sources */,
				97F5C36B206E88A60091E7BA /* SceneAnimatingState.swift in Sources */,
				97F5C38B206FA64E0091E7BA /* PaperEncryptedState.swift in Sources */,
				97F5C385206FA5710091E7BA /* PaperState.swift in Sources */,
				972FE95B20619B4100AF243D /* MathematicsScene.swift in Sources */,
				9748EFE5206E61F900FB3780 /* KeyInactiveState.swift in Sources */,
				972FE92F20619AF800AF243D /* GameViewController.swift in Sources */,
				97F5C371206EB8020091E7BA /* CharacterWaitingState.swift in Sources */,
				97F5C36F206EB6800091E7BA /* CharacterState.swift in Sources */,
				97A89AAF2068EDD900DF4B59 /* ChainSprite.swift in Sources */,
				9748EFDF206E5E2F00FB3780 /* KeyState.swift in Sources */,
				97F5C375206EB9C40091E7BA /* CharacterSuccessState.swift in Sources */,
				97F5C367206E88810091E7BA /* SceneState.swift in Sources */,
				972FE95F20619B9500AF243D /* Message3DNode.swift in Sources */,
				97F5C37E206F9BC40091E7BA /* MessageWaitingState.swift in Sources */,
				97F5C37C206F98270091E7BA /* MessageState.swift in Sources */,
				9748EFE1206E61BB00FB3780 /* KeyDragState.swift in Sources */,
				973B536A2066C325001366A0 /* KeyType.swift in Sources */,
				972FE97920651A2600AF243D /* CharacterSprite.swift in Sources */,
				97F5C389206FA6450091E7BA /* PaperErrorState.swift in Sources */,
				978203412070FC2D00272D1F /* MathematicsView.swift in Sources */,
				972FE971206444A300AF243D /* InteractiveScene.swift in Sources */,
				976328882062884D000C9EAC /* RSAEncryptor.swift in Sources */,
				978DA808206C42AA0071A162 /* CageSprite.swift in Sources */,
				972FE92720619AF800AF243D /* AppDelegate.swift in Sources */,
			);
			runOnlyForDeploymentPostprocessing = 0;
		};
		972FE93920619AF800AF243D /* Sources */ = {
			isa = PBXSourcesBuildPhase;
			buildActionMask = 2147483647;
			files = (
				972FE94220619AF800AF243D /* rsa_testerTests.swift in Sources */,
			);
			runOnlyForDeploymentPostprocessing = 0;
		};
		972FE94420619AF800AF243D /* Sources */ = {
			isa = PBXSourcesBuildPhase;
			buildActionMask = 2147483647;
			files = (
				972FE94D20619AF800AF243D /* rsa_testerUITests.swift in Sources */,
			);
			runOnlyForDeploymentPostprocessing = 0;
		};
/* End PBXSourcesBuildPhase section */

/* Begin PBXTargetDependency section */
		972FE93F20619AF800AF243D /* PBXTargetDependency */ = {
			isa = PBXTargetDependency;
			target = 972FE92220619AF800AF243D /* rsa-tester */;
			targetProxy = 972FE93E20619AF800AF243D /* PBXContainerItemProxy */;
		};
		972FE94A20619AF800AF243D /* PBXTargetDependency */ = {
			isa = PBXTargetDependency;
			target = 972FE92220619AF800AF243D /* rsa-tester */;
			targetProxy = 972FE94920619AF800AF243D /* PBXContainerItemProxy */;
		};
/* End PBXTargetDependency section */

/* Begin PBXVariantGroup section */
		972FE93020619AF800AF243D /* Main.storyboard */ = {
			isa = PBXVariantGroup;
			children = (
				972FE93120619AF800AF243D /* Base */,
			);
			name = Main.storyboard;
			sourceTree = "<group>";
		};
		972FE93520619AF800AF243D /* LaunchScreen.storyboard */ = {
			isa = PBXVariantGroup;
			children = (
				972FE93620619AF800AF243D /* Base */,
			);
			name = LaunchScreen.storyboard;
			sourceTree = "<group>";
		};
/* End PBXVariantGroup section */

/* Begin XCBuildConfiguration section */
		972FE94F20619AF800AF243D /* Debug */ = {
			isa = XCBuildConfiguration;
			buildSettings = {
				ALWAYS_SEARCH_USER_PATHS = NO;
				CLANG_ANALYZER_NONNULL = YES;
				CLANG_ANALYZER_NUMBER_OBJECT_CONVERSION = YES_AGGRESSIVE;
				CLANG_CXX_LANGUAGE_STANDARD = "gnu++14";
				CLANG_CXX_LIBRARY = "libc++";
				CLANG_ENABLE_MODULES = YES;
				CLANG_ENABLE_OBJC_ARC = YES;
				CLANG_WARN_BLOCK_CAPTURE_AUTORELEASING = YES;
				CLANG_WARN_BOOL_CONVERSION = YES;
				CLANG_WARN_COMMA = YES;
				CLANG_WARN_CONSTANT_CONVERSION = YES;
				CLANG_WARN_DIRECT_OBJC_ISA_USAGE = YES_ERROR;
				CLANG_WARN_DOCUMENTATION_COMMENTS = YES;
				CLANG_WARN_EMPTY_BODY = YES;
				CLANG_WARN_ENUM_CONVERSION = YES;
				CLANG_WARN_INFINITE_RECURSION = YES;
				CLANG_WARN_INT_CONVERSION = YES;
				CLANG_WARN_NON_LITERAL_NULL_CONVERSION = YES;
				CLANG_WARN_OBJC_LITERAL_CONVERSION = YES;
				CLANG_WARN_OBJC_ROOT_CLASS = YES_ERROR;
				CLANG_WARN_RANGE_LOOP_ANALYSIS = YES;
				CLANG_WARN_STRICT_PROTOTYPES = YES;
				CLANG_WARN_SUSPICIOUS_MOVE = YES;
				CLANG_WARN_UNGUARDED_AVAILABILITY = YES_AGGRESSIVE;
				CLANG_WARN_UNREACHABLE_CODE = YES;
				CLANG_WARN__DUPLICATE_METHOD_MATCH = YES;
				CODE_SIGN_IDENTITY = "iPhone Developer";
				COPY_PHASE_STRIP = NO;
				DEBUG_INFORMATION_FORMAT = dwarf;
				ENABLE_STRICT_OBJC_MSGSEND = YES;
				ENABLE_TESTABILITY = YES;
				GCC_C_LANGUAGE_STANDARD = gnu11;
				GCC_DYNAMIC_NO_PIC = NO;
				GCC_NO_COMMON_BLOCKS = YES;
				GCC_OPTIMIZATION_LEVEL = 0;
				GCC_PREPROCESSOR_DEFINITIONS = (
					"DEBUG=1",
					"$(inherited)",
				);
				GCC_WARN_64_TO_32_BIT_CONVERSION = YES;
				GCC_WARN_ABOUT_RETURN_TYPE = YES_ERROR;
				GCC_WARN_UNDECLARED_SELECTOR = YES;
				GCC_WARN_UNINITIALIZED_AUTOS = YES_AGGRESSIVE;
				GCC_WARN_UNUSED_FUNCTION = YES;
				GCC_WARN_UNUSED_VARIABLE = YES;
				IPHONEOS_DEPLOYMENT_TARGET = 11.2;
				MTL_ENABLE_DEBUG_INFO = YES;
				ONLY_ACTIVE_ARCH = YES;
				SDKROOT = iphoneos;
				SWIFT_ACTIVE_COMPILATION_CONDITIONS = DEBUG;
				SWIFT_OPTIMIZATION_LEVEL = "-Onone";
			};
			name = Debug;
		};
		972FE95020619AF800AF243D /* Release */ = {
			isa = XCBuildConfiguration;
			buildSettings = {
				ALWAYS_SEARCH_USER_PATHS = NO;
				CLANG_ANALYZER_NONNULL = YES;
				CLANG_ANALYZER_NUMBER_OBJECT_CONVERSION = YES_AGGRESSIVE;
				CLANG_CXX_LANGUAGE_STANDARD = "gnu++14";
				CLANG_CXX_LIBRARY = "libc++";
				CLANG_ENABLE_MODULES = YES;
				CLANG_ENABLE_OBJC_ARC = YES;
				CLANG_WARN_BLOCK_CAPTURE_AUTORELEASING = YES;
				CLANG_WARN_BOOL_CONVERSION = YES;
				CLANG_WARN_COMMA = YES;
				CLANG_WARN_CONSTANT_CONVERSION = YES;
				CLANG_WARN_DIRECT_OBJC_ISA_USAGE = YES_ERROR;
				CLANG_WARN_DOCUMENTATION_COMMENTS = YES;
				CLANG_WARN_EMPTY_BODY = YES;
				CLANG_WARN_ENUM_CONVERSION = YES;
				CLANG_WARN_INFINITE_RECURSION = YES;
				CLANG_WARN_INT_CONVERSION = YES;
				CLANG_WARN_NON_LITERAL_NULL_CONVERSION = YES;
				CLANG_WARN_OBJC_LITERAL_CONVERSION = YES;
				CLANG_WARN_OBJC_ROOT_CLASS = YES_ERROR;
				CLANG_WARN_RANGE_LOOP_ANALYSIS = YES;
				CLANG_WARN_STRICT_PROTOTYPES = YES;
				CLANG_WARN_SUSPICIOUS_MOVE = YES;
				CLANG_WARN_UNGUARDED_AVAILABILITY = YES_AGGRESSIVE;
				CLANG_WARN_UNREACHABLE_CODE = YES;
				CLANG_WARN__DUPLICATE_METHOD_MATCH = YES;
				CODE_SIGN_IDENTITY = "iPhone Developer";
				COPY_PHASE_STRIP = NO;
				DEBUG_INFORMATION_FORMAT = "dwarf-with-dsym";
				ENABLE_NS_ASSERTIONS = NO;
				ENABLE_STRICT_OBJC_MSGSEND = YES;
				GCC_C_LANGUAGE_STANDARD = gnu11;
				GCC_NO_COMMON_BLOCKS = YES;
				GCC_WARN_64_TO_32_BIT_CONVERSION = YES;
				GCC_WARN_ABOUT_RETURN_TYPE = YES_ERROR;
				GCC_WARN_UNDECLARED_SELECTOR = YES;
				GCC_WARN_UNINITIALIZED_AUTOS = YES_AGGRESSIVE;
				GCC_WARN_UNUSED_FUNCTION = YES;
				GCC_WARN_UNUSED_VARIABLE = YES;
				IPHONEOS_DEPLOYMENT_TARGET = 11.2;
				MTL_ENABLE_DEBUG_INFO = NO;
				SDKROOT = iphoneos;
				SWIFT_OPTIMIZATION_LEVEL = "-Owholemodule";
				VALIDATE_PRODUCT = YES;
			};
			name = Release;
		};
		972FE95220619AF800AF243D /* Debug */ = {
			isa = XCBuildConfiguration;
			buildSettings = {
				ASSETCATALOG_COMPILER_APPICON_NAME = AppIcon;
				CODE_SIGN_STYLE = Automatic;
				DEVELOPMENT_TEAM = U2GCDMVV7S;
				INFOPLIST_FILE = "rsa-tester/Info.plist";
				LD_RUNPATH_SEARCH_PATHS = "$(inherited) @executable_path/Frameworks";
				PRODUCT_BUNDLE_IDENTIFIER = "com.cobrasolutions.rsa-tester";
				PRODUCT_NAME = "$(TARGET_NAME)";
				SWIFT_VERSION = 4.0;
				TARGETED_DEVICE_FAMILY = "1,2";
			};
			name = Debug;
		};
		972FE95320619AF800AF243D /* Release */ = {
			isa = XCBuildConfiguration;
			buildSettings = {
				ASSETCATALOG_COMPILER_APPICON_NAME = AppIcon;
				CODE_SIGN_STYLE = Automatic;
				DEVELOPMENT_TEAM = U2GCDMVV7S;
				INFOPLIST_FILE = "rsa-tester/Info.plist";
				LD_RUNPATH_SEARCH_PATHS = "$(inherited) @executable_path/Frameworks";
				PRODUCT_BUNDLE_IDENTIFIER = "com.cobrasolutions.rsa-tester";
				PRODUCT_NAME = "$(TARGET_NAME)";
				SWIFT_VERSION = 4.0;
				TARGETED_DEVICE_FAMILY = "1,2";
			};
			name = Release;
		};
		972FE95520619AF800AF243D /* Debug */ = {
			isa = XCBuildConfiguration;
			buildSettings = {
				ALWAYS_EMBED_SWIFT_STANDARD_LIBRARIES = YES;
				BUNDLE_LOADER = "$(TEST_HOST)";
				CODE_SIGN_STYLE = Automatic;
				DEVELOPMENT_TEAM = U2GCDMVV7S;
				INFOPLIST_FILE = "rsa-testerTests/Info.plist";
				LD_RUNPATH_SEARCH_PATHS = "$(inherited) @executable_path/Frameworks @loader_path/Frameworks";
				PRODUCT_BUNDLE_IDENTIFIER = "com.cobrasolutions.rsa-testerTests";
				PRODUCT_NAME = "$(TARGET_NAME)";
				SWIFT_VERSION = 4.0;
				TARGETED_DEVICE_FAMILY = "1,2";
				TEST_HOST = "$(BUILT_PRODUCTS_DIR)/rsa-tester.app/rsa-tester";
			};
			name = Debug;
		};
		972FE95620619AF800AF243D /* Release */ = {
			isa = XCBuildConfiguration;
			buildSettings = {
				ALWAYS_EMBED_SWIFT_STANDARD_LIBRARIES = YES;
				BUNDLE_LOADER = "$(TEST_HOST)";
				CODE_SIGN_STYLE = Automatic;
				DEVELOPMENT_TEAM = U2GCDMVV7S;
				INFOPLIST_FILE = "rsa-testerTests/Info.plist";
				LD_RUNPATH_SEARCH_PATHS = "$(inherited) @executable_path/Frameworks @loader_path/Frameworks";
				PRODUCT_BUNDLE_IDENTIFIER = "com.cobrasolutions.rsa-testerTests";
				PRODUCT_NAME = "$(TARGET_NAME)";
				SWIFT_VERSION = 4.0;
				TARGETED_DEVICE_FAMILY = "1,2";
				TEST_HOST = "$(BUILT_PRODUCTS_DIR)/rsa-tester.app/rsa-tester";
			};
			name = Release;
		};
		972FE95820619AF800AF243D /* Debug */ = {
			isa = XCBuildConfiguration;
			buildSettings = {
				ALWAYS_EMBED_SWIFT_STANDARD_LIBRARIES = YES;
				CODE_SIGN_STYLE = Automatic;
				DEVELOPMENT_TEAM = U2GCDMVV7S;
				INFOPLIST_FILE = "rsa-testerUITests/Info.plist";
				LD_RUNPATH_SEARCH_PATHS = "$(inherited) @executable_path/Frameworks @loader_path/Frameworks";
				PRODUCT_BUNDLE_IDENTIFIER = "com.cobrasolutions.rsa-testerUITests";
				PRODUCT_NAME = "$(TARGET_NAME)";
				SWIFT_VERSION = 4.0;
				TARGETED_DEVICE_FAMILY = "1,2";
				TEST_TARGET_NAME = "rsa-tester";
			};
			name = Debug;
		};
		972FE95920619AF800AF243D /* Release */ = {
			isa = XCBuildConfiguration;
			buildSettings = {
				ALWAYS_EMBED_SWIFT_STANDARD_LIBRARIES = YES;
				CODE_SIGN_STYLE = Automatic;
				DEVELOPMENT_TEAM = U2GCDMVV7S;
				INFOPLIST_FILE = "rsa-testerUITests/Info.plist";
				LD_RUNPATH_SEARCH_PATHS = "$(inherited) @executable_path/Frameworks @loader_path/Frameworks";
				PRODUCT_BUNDLE_IDENTIFIER = "com.cobrasolutions.rsa-testerUITests";
				PRODUCT_NAME = "$(TARGET_NAME)";
				SWIFT_VERSION = 4.0;
				TARGETED_DEVICE_FAMILY = "1,2";
				TEST_TARGET_NAME = "rsa-tester";
			};
			name = Release;
		};
/* End XCBuildConfiguration section */

/* Begin XCConfigurationList section */
		972FE91E20619AF800AF243D /* Build configuration list for PBXProject "rsa-tester" */ = {
			isa = XCConfigurationList;
			buildConfigurations = (
				972FE94F20619AF800AF243D /* Debug */,
				972FE95020619AF800AF243D /* Release */,
			);
			defaultConfigurationIsVisible = 0;
			defaultConfigurationName = Release;
		};
		972FE95120619AF800AF243D /* Build configuration list for PBXNativeTarget "rsa-tester" */ = {
			isa = XCConfigurationList;
			buildConfigurations = (
				972FE95220619AF800AF243D /* Debug */,
				972FE95320619AF800AF243D /* Release */,
			);
			defaultConfigurationIsVisible = 0;
			defaultConfigurationName = Release;
		};
		972FE95420619AF800AF243D /* Build configuration list for PBXNativeTarget "rsa-testerTests" */ = {
			isa = XCConfigurationList;
			buildConfigurations = (
				972FE95520619AF800AF243D /* Debug */,
				972FE95620619AF800AF243D /* Release */,
			);
			defaultConfigurationIsVisible = 0;
			defaultConfigurationName = Release;
		};
		972FE95720619AF800AF243D /* Build configuration list for PBXNativeTarget "rsa-testerUITests" */ = {
			isa = XCConfigurationList;
			buildConfigurations = (
				972FE95820619AF800AF243D /* Debug */,
				972FE95920619AF800AF243D /* Release */,
			);
			defaultConfigurationIsVisible = 0;
			defaultConfigurationName = Release;
		};
/* End XCConfigurationList section */
	};
	rootObject = 972FE91B20619AF800AF243D /* Project object */;
}
